
Microsoft Visual Studio Solution File, Format Version 12.00
# Visual Studio Version 17
VisualStudioVersion = 17.13.36105.23
MinimumVisualStudioVersion = 10.0.40219.1
Project("{2150E333-8FDC-42A3-9474-1A3956D46DE8}") = "Libs", "Libs", "{C8D5274F-AC00-46C7-1F8D-E88E81087A52}"
EndProject
Project("{2150E333-8FDC-42A3-9474-1A3956D46DE8}") = "Samples", "Samples", "{F27B0534-8785-4F3F-B65E-00DC9683860A}"
EndProject
Project("{2150E333-8FDC-42A3-9474-1A3956D46DE8}") = "protobuf-net", "protobuf-net", "{EC1DC849-41A4-47ED-B366-E345EE228771}"
EndProject
Project("{2150E333-8FDC-42A3-9474-1A3956D46DE8}") = "Tests", "Tests", "{A27C8977-732C-4BE6-9246-04BF0ECCB578}"
EndProject
Project("{FAE04EC0-301F-11D3-BF4B-00C04F79EFBC}") = "xpTURN.Converter.Tests", "Tests\xpTURN.Converter.Tests\xpTURN.Converter.Tests.csproj", "{5890A734-D91C-5E68-E62E-1EA54038D382}"
EndProject
Project("{FAE04EC0-301F-11D3-BF4B-00C04F79EFBC}") = "xpTURN.Protobuf.Tests", "Tests\xpTURN.Protobuf.Tests\xpTURN.Protobuf.Tests.csproj", "{4111F860-3D75-7A96-8DF6-16FBE5BA4395}"
EndProject
Project("{FAE04EC0-301F-11D3-BF4B-00C04F79EFBC}") = "xpTURN.ProtoGen.Tests", "Tests\xpTURN.ProtoGen.Tests\xpTURN.ProtoGen.Tests.csproj", "{5947968D-0757-9CA6-2E05-F0D746282212}"
EndProject
Project("{2150E333-8FDC-42A3-9474-1A3956D46DE8}") = "Tools", "Tools", "{C2E7B130-4468-401C-AB41-5CEB56667BC7}"
EndProject
Project("{FAE04EC0-301F-11D3-BF4B-00C04F79EFBC}") = "protobuf-net.Reflection", "Libs\protobuf-net\protobuf-net.Reflection\protobuf-net.Reflection.csproj", "{7D199246-31D8-574F-6E02-773817D1A4F7}"
EndProject
Project("{FAE04EC0-301F-11D3-BF4B-00C04F79EFBC}") = "xpTURN.MegaData", "Libs\xpTURN.MegaData\xpTURN.MegaData.csproj", "{2E3EC8B6-1408-94E1-838C-1E98752AAA88}"
EndProject
Project("{FAE04EC0-301F-11D3-BF4B-00C04F79EFBC}") = "xpTURN.Protobuf", "Libs\xpTURN.Protobuf\xpTURN.Protobuf.csproj", "{81566A60-A44C-8D01-88DE-6B6594F63634}"
EndProject
Project("{FAE04EC0-301F-11D3-BF4B-00C04F79EFBC}") = "xpTURN.Converter", "Tools\xpTURN.Converter\xpTURN.Converter.csproj", "{F767EED8-9F4E-E1C1-18ED-E72D0AF0E5B7}"
EndProject
Project("{FAE04EC0-301F-11D3-BF4B-00C04F79EFBC}") = "xpTURN.ProtoGen", "Tools\xpTURN.ProtoGen\xpTURN.ProtoGen.csproj", "{AF84890C-FFCB-E067-85E1-A3316A2801C3}"
EndProject
Project("{FAE04EC0-301F-11D3-BF4B-00C04F79EFBC}") = "xpTURN.Common", "Libs\xpTURN.Common\xpTURN.Common.csproj", "{7F9EFB79-ADB5-4267-BBD9-ECF0C5CD33A6}"
EndProject
Project("{FAE04EC0-301F-11D3-BF4B-00C04F79EFBC}") = "xpTURN.TableSet.Samples", "Samples\xpTURN.TableSet.Samples\xpTURN.TableSet.Samples.csproj", "{5C566FDA-DD66-3E5D-1F2B-7668E5CC114A}"
EndProject
Project("{FAE04EC0-301F-11D3-BF4B-00C04F79EFBC}") = "xpTURN.TableSet.ForTests", "Tests\xpTURN.TableSet.ForTests\xpTURN.TableSet.ForTests.csproj", "{C6B6FC7E-2E74-4B37-0F2C-FA38B637C976}"
EndProject
Project("{FAE04EC0-301F-11D3-BF4B-00C04F79EFBC}") = "xpTURN.Tool.Common", "Libs\xpTURN.Tool.Common\xpTURN.Tool.Common.csproj", "{23041E00-4C1C-496E-073F-814F13410023}"
EndProject
Global
	GlobalSection(SolutionConfigurationPlatforms) = preSolution
		Debug|Any CPU = Debug|Any CPU
		Release|Any CPU = Release|Any CPU
	EndGlobalSection
	GlobalSection(ProjectConfigurationPlatforms) = postSolution
		{5890A734-D91C-5E68-E62E-1EA54038D382}.Debug|Any CPU.ActiveCfg = Debug|Any CPU
		{5890A734-D91C-5E68-E62E-1EA54038D382}.Debug|Any CPU.Build.0 = Debug|Any CPU
		{5890A734-D91C-5E68-E62E-1EA54038D382}.Release|Any CPU.ActiveCfg = Release|Any CPU
		{5890A734-D91C-5E68-E62E-1EA54038D382}.Release|Any CPU.Build.0 = Release|Any CPU
		{4111F860-3D75-7A96-8DF6-16FBE5BA4395}.Debug|Any CPU.ActiveCfg = Debug|Any CPU
		{4111F860-3D75-7A96-8DF6-16FBE5BA4395}.Debug|Any CPU.Build.0 = Debug|Any CPU
		{4111F860-3D75-7A96-8DF6-16FBE5BA4395}.Release|Any CPU.ActiveCfg = Release|Any CPU
		{4111F860-3D75-7A96-8DF6-16FBE5BA4395}.Release|Any CPU.Build.0 = Release|Any CPU
		{5947968D-0757-9CA6-2E05-F0D746282212}.Debug|Any CPU.ActiveCfg = Debug|Any CPU
		{5947968D-0757-9CA6-2E05-F0D746282212}.Debug|Any CPU.Build.0 = Debug|Any CPU
		{5947968D-0757-9CA6-2E05-F0D746282212}.Release|Any CPU.ActiveCfg = Release|Any CPU
		{5947968D-0757-9CA6-2E05-F0D746282212}.Release|Any CPU.Build.0 = Release|Any CPU
		{7D199246-31D8-574F-6E02-773817D1A4F7}.Debug|Any CPU.ActiveCfg = Debug|Any CPU
		{7D199246-31D8-574F-6E02-773817D1A4F7}.Debug|Any CPU.Build.0 = Debug|Any CPU
		{7D199246-31D8-574F-6E02-773817D1A4F7}.Release|Any CPU.ActiveCfg = Release|Any CPU
		{7D199246-31D8-574F-6E02-773817D1A4F7}.Release|Any CPU.Build.0 = Release|Any CPU
		{2E3EC8B6-1408-94E1-838C-1E98752AAA88}.Debug|Any CPU.ActiveCfg = Debug|Any CPU
		{2E3EC8B6-1408-94E1-838C-1E98752AAA88}.Debug|Any CPU.Build.0 = Debug|Any CPU
		{2E3EC8B6-1408-94E1-838C-1E98752AAA88}.Release|Any CPU.ActiveCfg = Release|Any CPU
		{2E3EC8B6-1408-94E1-838C-1E98752AAA88}.Release|Any CPU.Build.0 = Release|Any CPU
		{81566A60-A44C-8D01-88DE-6B6594F63634}.Debug|Any CPU.ActiveCfg = Debug|Any CPU
		{81566A60-A44C-8D01-88DE-6B6594F63634}.Debug|Any CPU.Build.0 = Debug|Any CPU
		{81566A60-A44C-8D01-88DE-6B6594F63634}.Release|Any CPU.ActiveCfg = Release|Any CPU
		{81566A60-A44C-8D01-88DE-6B6594F63634}.Release|Any CPU.Build.0 = Release|Any CPU
		{F767EED8-9F4E-E1C1-18ED-E72D0AF0E5B7}.Debug|Any CPU.ActiveCfg = Debug|Any CPU
		{F767EED8-9F4E-E1C1-18ED-E72D0AF0E5B7}.Debug|Any CPU.Build.0 = Debug|Any CPU
		{F767EED8-9F4E-E1C1-18ED-E72D0AF0E5B7}.Release|Any CPU.ActiveCfg = Release|Any CPU
		{F767EED8-9F4E-E1C1-18ED-E72D0AF0E5B7}.Release|Any CPU.Build.0 = Release|Any CPU
		{AF84890C-FFCB-E067-85E1-A3316A2801C3}.Debug|Any CPU.ActiveCfg = Debug|Any CPU
		{AF84890C-FFCB-E067-85E1-A3316A2801C3}.Debug|Any CPU.Build.0 = Debug|Any CPU
		{AF84890C-FFCB-E067-85E1-A3316A2801C3}.Release|Any CPU.ActiveCfg = Release|Any CPU
		{AF84890C-FFCB-E067-85E1-A3316A2801C3}.Release|Any CPU.Build.0 = Release|Any CPU
		{7F9EFB79-ADB5-4267-BBD9-ECF0C5CD33A6}.Debug|Any CPU.ActiveCfg = Debug|Any CPU
		{7F9EFB79-ADB5-4267-BBD9-ECF0C5CD33A6}.Debug|Any CPU.Build.0 = Debug|Any CPU
		{7F9EFB79-ADB5-4267-BBD9-ECF0C5CD33A6}.Release|Any CPU.ActiveCfg = Release|Any CPU
		{7F9EFB79-ADB5-4267-BBD9-ECF0C5CD33A6}.Release|Any CPU.Build.0 = Release|Any CPU
		{5C566FDA-DD66-3E5D-1F2B-7668E5CC114A}.Debug|Any CPU.ActiveCfg = Debug|Any CPU
		{5C566FDA-DD66-3E5D-1F2B-7668E5CC114A}.Debug|Any CPU.Build.0 = Debug|Any CPU
		{5C566FDA-DD66-3E5D-1F2B-7668E5CC114A}.Release|Any CPU.ActiveCfg = Release|Any CPU
		{5C566FDA-DD66-3E5D-1F2B-7668E5CC114A}.Release|Any CPU.Build.0 = Release|Any CPU
		{C6B6FC7E-2E74-4B37-0F2C-FA38B637C976}.Debug|Any CPU.ActiveCfg = Debug|Any CPU
		{C6B6FC7E-2E74-4B37-0F2C-FA38B637C976}.Debug|Any CPU.Build.0 = Debug|Any CPU
		{C6B6FC7E-2E74-4B37-0F2C-FA38B637C976}.Release|Any CPU.ActiveCfg = Release|Any CPU
		{C6B6FC7E-2E74-4B37-0F2C-FA38B637C976}.Release|Any CPU.Build.0 = Release|Any CPU
		{23041E00-4C1C-496E-073F-814F13410023}.Debug|Any CPU.ActiveCfg = Debug|Any CPU
		{23041E00-4C1C-496E-073F-814F13410023}.Debug|Any CPU.Build.0 = Debug|Any CPU
		{23041E00-4C1C-496E-073F-814F13410023}.Release|Any CPU.ActiveCfg = Release|Any CPU
		{23041E00-4C1C-496E-073F-814F13410023}.Release|Any CPU.Build.0 = Release|Any CPU
	EndGlobalSection
	GlobalSection(SolutionProperties) = preSolution
		HideSolutionNode = FALSE
	EndGlobalSection
	GlobalSection(NestedProjects) = preSolution
		{EC1DC849-41A4-47ED-B366-E345EE228771} = {C8D5274F-AC00-46C7-1F8D-E88E81087A52}
		{5890A734-D91C-5E68-E62E-1EA54038D382} = {A27C8977-732C-4BE6-9246-04BF0ECCB578}
		{4111F860-3D75-7A96-8DF6-16FBE5BA4395} = {A27C8977-732C-4BE6-9246-04BF0ECCB578}
		{5947968D-0757-9CA6-2E05-F0D746282212} = {A27C8977-732C-4BE6-9246-04BF0ECCB578}
		{7D199246-31D8-574F-6E02-773817D1A4F7} = {EC1DC849-41A4-47ED-B366-E345EE228771}
		{2E3EC8B6-1408-94E1-838C-1E98752AAA88} = {C8D5274F-AC00-46C7-1F8D-E88E81087A52}
		{81566A60-A44C-8D01-88DE-6B6594F63634} = {C8D5274F-AC00-46C7-1F8D-E88E81087A52}
		{F767EED8-9F4E-E1C1-18ED-E72D0AF0E5B7} = {C2E7B130-4468-401C-AB41-5CEB56667BC7}
		{AF84890C-FFCB-E067-85E1-A3316A2801C3} = {C2E7B130-4468-401C-AB41-5CEB56667BC7}
		{7F9EFB79-ADB5-4267-BBD9-ECF0C5CD33A6} = {C8D5274F-AC00-46C7-1F8D-E88E81087A52}
		{5C566FDA-DD66-3E5D-1F2B-7668E5CC114A} = {F27B0534-8785-4F3F-B65E-00DC9683860A}
		{C6B6FC7E-2E74-4B37-0F2C-FA38B637C976} = {A27C8977-732C-4BE6-9246-04BF0ECCB578}
		{23041E00-4C1C-496E-073F-814F13410023} = {C8D5274F-AC00-46C7-1F8D-E88E81087A52}
	EndGlobalSection
	GlobalSection(ExtensibilityGlobals) = postSolution
		SolutionGuid = {63516227-AA98-4803-84FD-BCB9A1F4D7DA}
	EndGlobalSection
EndGlobal
